// !$*UTF8*$!
{
	archiveVersion = 1;
	classes = {
	};
	objectVersion = 56;
	objects = {

/* Begin PBXBuildFile section */
		650049A02A1B590F00FD2C1B /* AppDelegate.swift in Sources */ = {isa = PBXBuildFile; fileRef = 6500499F2A1B590F00FD2C1B /* AppDelegate.swift */; };
		650049A22A1B590F00FD2C1B /* SceneDelegate.swift in Sources */ = {isa = PBXBuildFile; fileRef = 650049A12A1B590F00FD2C1B /* SceneDelegate.swift */; };
		650049A42A1B590F00FD2C1B /* ViewController.swift in Sources */ = {isa = PBXBuildFile; fileRef = 650049A32A1B590F00FD2C1B /* ViewController.swift */; };
		650049A72A1B590F00FD2C1B /* Main.storyboard in Resources */ = {isa = PBXBuildFile; fileRef = 650049A52A1B590F00FD2C1B /* Main.storyboard */; };
		650049A92A1B591100FD2C1B /* Assets.xcassets in Resources */ = {isa = PBXBuildFile; fileRef = 650049A82A1B591100FD2C1B /* Assets.xcassets */; };
		650049AC2A1B591100FD2C1B /* LaunchScreen.storyboard in Resources */ = {isa = PBXBuildFile; fileRef = 650049AA2A1B591100FD2C1B /* LaunchScreen.storyboard */; };
		650049B72A1B617D00FD2C1B /* LoginViewController.swift in Sources */ = {isa = PBXBuildFile; fileRef = 650049B62A1B617D00FD2C1B /* LoginViewController.swift */; };
		650049B92A1B61A700FD2C1B /* RegisterViewController.swift in Sources */ = {isa = PBXBuildFile; fileRef = 650049B82A1B61A700FD2C1B /* RegisterViewController.swift */; };
		730490622A1F4316001BC2AE /* CarDetailViewController.swift in Sources */ = {isa = PBXBuildFile; fileRef = 730490612A1F4316001BC2AE /* CarDetailViewController.swift */; };
		7364F0E12A1F0C0F005D5BC5 /* CustomTableViewCell.swift in Sources */ = {isa = PBXBuildFile; fileRef = 7364F0E02A1F0C0F005D5BC5 /* CustomTableViewCell.swift */; };
		7364F0E32A1F0CF2005D5BC5 /* MainContentViewController.swift in Sources */ = {isa = PBXBuildFile; fileRef = 7364F0E22A1F0CF2005D5BC5 /* MainContentViewController.swift */; };
/* End PBXBuildFile section */

/* Begin PBXFileReference section */
		6500499C2A1B590F00FD2C1B /* Assignment3.app */ = {isa = PBXFileReference; explicitFileType = wrapper.application; includeInIndex = 0; path = Assignment3.app; sourceTree = BUILT_PRODUCTS_DIR; };
		6500499F2A1B590F00FD2C1B /* AppDelegate.swift */ = {isa = PBXFileReference; lastKnownFileType = sourcecode.swift; path = AppDelegate.swift; sourceTree = "<group>"; };
		650049A12A1B590F00FD2C1B /* SceneDelegate.swift */ = {isa = PBXFileReference; lastKnownFileType = sourcecode.swift; path = SceneDelegate.swift; sourceTree = "<group>"; };
		650049A32A1B590F00FD2C1B /* ViewController.swift */ = {isa = PBXFileReference; lastKnownFileType = sourcecode.swift; path = ViewController.swift; sourceTree = "<group>"; };
		650049A62A1B590F00FD2C1B /* Base */ = {isa = PBXFileReference; lastKnownFileType = file.storyboard; name = Base; path = Base.lproj/Main.storyboard; sourceTree = "<group>"; };
		650049A82A1B591100FD2C1B /* Assets.xcassets */ = {isa = PBXFileReference; lastKnownFileType = folder.assetcatalog; path = Assets.xcassets; sourceTree = "<group>"; };
		650049AB2A1B591100FD2C1B /* Base */ = {isa = PBXFileReference; lastKnownFileType = file.storyboard; name = Base; path = Base.lproj/LaunchScreen.storyboard; sourceTree = "<group>"; };
		650049AD2A1B591100FD2C1B /* Info.plist */ = {isa = PBXFileReference; lastKnownFileType = text.plist.xml; path = Info.plist; sourceTree = "<group>"; };
		650049B62A1B617D00FD2C1B /* LoginViewController.swift */ = {isa = PBXFileReference; lastKnownFileType = sourcecode.swift; path = LoginViewController.swift; sourceTree = "<group>"; };
		650049B82A1B61A700FD2C1B /* RegisterViewController.swift */ = {isa = PBXFileReference; lastKnownFileType = sourcecode.swift; path = RegisterViewController.swift; sourceTree = "<group>"; };
		730490612A1F4316001BC2AE /* CarDetailViewController.swift */ = {isa = PBXFileReference; lastKnownFileType = sourcecode.swift; path = CarDetailViewController.swift; sourceTree = "<group>"; };
		7364F0E02A1F0C0F005D5BC5 /* CustomTableViewCell.swift */ = {isa = PBXFileReference; lastKnownFileType = sourcecode.swift; path = CustomTableViewCell.swift; sourceTree = "<group>"; };
		7364F0E22A1F0CF2005D5BC5 /* MainContentViewController.swift */ = {isa = PBXFileReference; lastKnownFileType = sourcecode.swift; path = MainContentViewController.swift; sourceTree = "<group>"; };
/* End PBXFileReference section */

/* Begin PBXFrameworksBuildPhase section */
		650049992A1B590F00FD2C1B /* Frameworks */ = {
			isa = PBXFrameworksBuildPhase;
			buildActionMask = 2147483647;
			files = (
			);
			runOnlyForDeploymentPostprocessing = 0;
		};
/* End PBXFrameworksBuildPhase section */

/* Begin PBXGroup section */
		650049932A1B590F00FD2C1B = {
			isa = PBXGroup;
			children = (
				6500499E2A1B590F00FD2C1B /* Assignment3 */,
				6500499D2A1B590F00FD2C1B /* Products */,
			);
			sourceTree = "<group>";
		};
		6500499D2A1B590F00FD2C1B /* Products */ = {
			isa = PBXGroup;
			children = (
				6500499C2A1B590F00FD2C1B /* Assignment3.app */,
			);
			name = Products;
			sourceTree = "<group>";
		};
		6500499E2A1B590F00FD2C1B /* Assignment3 */ = {
			isa = PBXGroup;
			children = (
				650049B52A1B611300FD2C1B /* Model */,
				650049B42A1B5E9C00FD2C1B /* Control */,
				650049B32A1B5E9200FD2C1B /* View */,
				6500499F2A1B590F00FD2C1B /* AppDelegate.swift */,
				650049A12A1B590F00FD2C1B /* SceneDelegate.swift */,
				650049A82A1B591100FD2C1B /* Assets.xcassets */,
				650049AA2A1B591100FD2C1B /* LaunchScreen.storyboard */,
				650049AD2A1B591100FD2C1B /* Info.plist */,
				7364F0E02A1F0C0F005D5BC5 /* CustomTableViewCell.swift */,
			);
			path = Assignment3;
			sourceTree = "<group>";
		};
		650049B32A1B5E9200FD2C1B /* View */ = {
			isa = PBXGroup;
			children = (
				650049A52A1B590F00FD2C1B /* Main.storyboard */,
			);
			path = View;
			sourceTree = "<group>";
		};
		650049B42A1B5E9C00FD2C1B /* Control */ = {
			isa = PBXGroup;
			children = (
				650049A32A1B590F00FD2C1B /* ViewController.swift */,
				650049B62A1B617D00FD2C1B /* LoginViewController.swift */,
				650049B82A1B61A700FD2C1B /* RegisterViewController.swift */,
				7364F0E22A1F0CF2005D5BC5 /* MainContentViewController.swift */,
				730490612A1F4316001BC2AE /* CarDetailViewController.swift */,
			);
			path = Control;
			sourceTree = "<group>";
		};
		650049B52A1B611300FD2C1B /* Model */ = {
			isa = PBXGroup;
			children = (
			);
			path = Model;
			sourceTree = "<group>";
		};
/* End PBXGroup section */

/* Begin PBXNativeTarget section */
		6500499B2A1B590F00FD2C1B /* Assignment3 */ = {
			isa = PBXNativeTarget;
			buildConfigurationList = 650049B02A1B591100FD2C1B /* Build configuration list for PBXNativeTarget "Assignment3" */;
			buildPhases = (
				650049982A1B590F00FD2C1B /* Sources */,
				650049992A1B590F00FD2C1B /* Frameworks */,
				6500499A2A1B590F00FD2C1B /* Resources */,
			);
			buildRules = (
			);
			dependencies = (
			);
			name = Assignment3;
			productName = Assignment3;
			productReference = 6500499C2A1B590F00FD2C1B /* Assignment3.app */;
			productType = "com.apple.product-type.application";
		};
/* End PBXNativeTarget section */

/* Begin PBXProject section */
		650049942A1B590F00FD2C1B /* Project object */ = {
			isa = PBXProject;
			attributes = {
				BuildIndependentTargetsInParallel = 1;
				LastSwiftUpdateCheck = 1420;
				LastUpgradeCheck = 1420;
				TargetAttributes = {
					6500499B2A1B590F00FD2C1B = {
						CreatedOnToolsVersion = 14.2;
					};
				};
			};
			buildConfigurationList = 650049972A1B590F00FD2C1B /* Build configuration list for PBXProject "Assignment3" */;
			compatibilityVersion = "Xcode 14.0";
			developmentRegion = en;
			hasScannedForEncodings = 0;
			knownRegions = (
				en,
				Base,
			);
			mainGroup = 650049932A1B590F00FD2C1B;
			productRefGroup = 6500499D2A1B590F00FD2C1B /* Products */;
			projectDirPath = "";
			projectRoot = "";
			targets = (
				6500499B2A1B590F00FD2C1B /* Assignment3 */,
			);
		};
/* End PBXProject section */

/* Begin PBXResourcesBuildPhase section */
		6500499A2A1B590F00FD2C1B /* Resources */ = {
			isa = PBXResourcesBuildPhase;
			buildActionMask = 2147483647;
			files = (
				650049AC2A1B591100FD2C1B /* LaunchScreen.storyboard in Resources */,
				650049A92A1B591100FD2C1B /* Assets.xcassets in Resources */,
				650049A72A1B590F00FD2C1B /* Main.storyboard in Resources */,
			);
			runOnlyForDeploymentPostprocessing = 0;
		};
/* End PBXResourcesBuildPhase section */

/* Begin PBXSourcesBuildPhase section */
		650049982A1B590F00FD2C1B /* Sources */ = {
			isa = PBXSourcesBuildPhase;
			buildActionMask = 2147483647;
			files = (
				730490622A1F4316001BC2AE /* CarDetailViewController.swift in Sources */,
				7364F0E12A1F0C0F005D5BC5 /* CustomTableViewCell.swift in Sources */,
				650049B72A1B617D00FD2C1B /* LoginViewController.swift in Sources */,
				650049B92A1B61A700FD2C1B /* RegisterViewController.swift in Sources */,
				650049A42A1B590F00FD2C1B /* ViewController.swift in Sources */,
				650049A02A1B590F00FD2C1B /* AppDelegate.swift in Sources */,
				650049A22A1B590F00FD2C1B /* SceneDelegate.swift in Sources */,
				7364F0E32A1F0CF2005D5BC5 /* MainContentViewController.swift in Sources */,
			);
			runOnlyForDeploymentPostprocessing = 0;
		};
/* End PBXSourcesBuildPhase section */

/* Begin PBXVariantGroup section */
		650049A52A1B590F00FD2C1B /* Main.storyboard */ = {
			isa = PBXVariantGroup;
			children = (
				650049A62A1B590F00FD2C1B /* Base */,
			);
			name = Main.storyboard;
			sourceTree = "<group>";
		};
		650049AA2A1B591100FD2C1B /* LaunchScreen.storyboard */ = {
			isa = PBXVariantGroup;
			children = (
				650049AB2A1B591100FD2C1B /* Base */,
			);
			name = LaunchScreen.storyboard;
			sourceTree = "<group>";
		};
/* End PBXVariantGroup section */

/* Begin XCBuildConfiguration section */
		650049AE2A1B591100FD2C1B /* Debug */ = {
			isa = XCBuildConfiguration;
			buildSettings = {
				ALWAYS_SEARCH_USER_PATHS = NO;
				CLANG_ANALYZER_NONNULL = YES;
				CLANG_ANALYZER_NUMBER_OBJECT_CONVERSION = YES_AGGRESSIVE;
				CLANG_CXX_LANGUAGE_STANDARD = "gnu++20";
				CLANG_ENABLE_MODULES = YES;
				CLANG_ENABLE_OBJC_ARC = YES;
				CLANG_ENABLE_OBJC_WEAK = YES;
				CLANG_WARN_BLOCK_CAPTURE_AUTORELEASING = YES;
				CLANG_WARN_BOOL_CONVERSION = YES;
				CLANG_WARN_COMMA = YES;
				CLANG_WARN_CONSTANT_CONVERSION = YES;
				CLANG_WARN_DEPRECATED_OBJC_IMPLEMENTATIONS = YES;
				CLANG_WARN_DIRECT_OBJC_ISA_USAGE = YES_ERROR;
				CLANG_WARN_DOCUMENTATION_COMMENTS = YES;
				CLANG_WARN_EMPTY_BODY = YES;
				CLANG_WARN_ENUM_CONVERSION = YES;
				CLANG_WARN_INFINITE_RECURSION = YES;
				CLANG_WARN_INT_CONVERSION = YES;
				CLANG_WARN_NON_LITERAL_NULL_CONVERSION = YES;
				CLANG_WARN_OBJC_IMPLICIT_RETAIN_SELF = YES;
				CLANG_WARN_OBJC_LITERAL_CONVERSION = YES;
				CLANG_WARN_OBJC_ROOT_CLASS = YES_ERROR;
				CLANG_WARN_QUOTED_INCLUDE_IN_FRAMEWORK_HEADER = YES;
				CLANG_WARN_RANGE_LOOP_ANALYSIS = YES;
				CLANG_WARN_STRICT_PROTOTYPES = YES;
				CLANG_WARN_SUSPICIOUS_MOVE = YES;
				CLANG_WARN_UNGUARDED_AVAILABILITY = YES_AGGRESSIVE;
				CLANG_WARN_UNREACHABLE_CODE = YES;
				CLANG_WARN__DUPLICATE_METHOD_MATCH = YES;
				COPY_PHASE_STRIP = NO;
				DEBUG_INFORMATION_FORMAT = dwarf;
				ENABLE_STRICT_OBJC_MSGSEND = YES;
				ENABLE_TESTABILITY = YES;
				GCC_C_LANGUAGE_STANDARD = gnu11;
				GCC_DYNAMIC_NO_PIC = NO;
				GCC_NO_COMMON_BLOCKS = YES;
				GCC_OPTIMIZATION_LEVEL = 0;
				GCC_PREPROCESSOR_DEFINITIONS = (
					"DEBUG=1",
					"$(inherited)",
				);
				GCC_WARN_64_TO_32_BIT_CONVERSION = YES;
				GCC_WARN_ABOUT_RETURN_TYPE = YES_ERROR;
				GCC_WARN_UNDECLARED_SELECTOR = YES;
				GCC_WARN_UNINITIALIZED_AUTOS = YES_AGGRESSIVE;
				GCC_WARN_UNUSED_FUNCTION = YES;
				GCC_WARN_UNUSED_VARIABLE = YES;
				IPHONEOS_DEPLOYMENT_TARGET = 16.2;
				MTL_ENABLE_DEBUG_INFO = INCLUDE_SOURCE;
				MTL_FAST_MATH = YES;
				ONLY_ACTIVE_ARCH = YES;
				SDKROOT = iphoneos;
				SWIFT_ACTIVE_COMPILATION_CONDITIONS = DEBUG;
				SWIFT_OPTIMIZATION_LEVEL = "-Onone";
			};
			name = Debug;
		};
		650049AF2A1B591100FD2C1B /* Release */ = {
			isa = XCBuildConfiguration;
			buildSettings = {
				ALWAYS_SEARCH_USER_PATHS = NO;
				CLANG_ANALYZER_NONNULL = YES;
				CLANG_ANALYZER_NUMBER_OBJECT_CONVERSION = YES_AGGRESSIVE;
				CLANG_CXX_LANGUAGE_STANDARD = "gnu++20";
				CLANG_ENABLE_MODULES = YES;
				CLANG_ENABLE_OBJC_ARC = YES;
				CLANG_ENABLE_OBJC_WEAK = YES;
				CLANG_WARN_BLOCK_CAPTURE_AUTORELEASING = YES;
				CLANG_WARN_BOOL_CONVERSION = YES;
				CLANG_WARN_COMMA = YES;
				CLANG_WARN_CONSTANT_CONVERSION = YES;
				CLANG_WARN_DEPRECATED_OBJC_IMPLEMENTATIONS = YES;
				CLANG_WARN_DIRECT_OBJC_ISA_USAGE = YES_ERROR;
				CLANG_WARN_DOCUMENTATION_COMMENTS = YES;
				CLANG_WARN_EMPTY_BODY = YES;
				CLANG_WARN_ENUM_CONVERSION = YES;
				CLANG_WARN_INFINITE_RECURSION = YES;
				CLANG_WARN_INT_CONVERSION = YES;
				CLANG_WARN_NON_LITERAL_NULL_CONVERSION = YES;
				CLANG_WARN_OBJC_IMPLICIT_RETAIN_SELF = YES;
				CLANG_WARN_OBJC_LITERAL_CONVERSION = YES;
				CLANG_WARN_OBJC_ROOT_CLASS = YES_ERROR;
				CLANG_WARN_QUOTED_INCLUDE_IN_FRAMEWORK_HEADER = YES;
				CLANG_WARN_RANGE_LOOP_ANALYSIS = YES;
				CLANG_WARN_STRICT_PROTOTYPES = YES;
				CLANG_WARN_SUSPICIOUS_MOVE = YES;
				CLANG_WARN_UNGUARDED_AVAILABILITY = YES_AGGRESSIVE;
				CLANG_WARN_UNREACHABLE_CODE = YES;
				CLANG_WARN__DUPLICATE_METHOD_MATCH = YES;
				COPY_PHASE_STRIP = NO;
				DEBUG_INFORMATION_FORMAT = "dwarf-with-dsym";
				ENABLE_NS_ASSERTIONS = NO;
				ENABLE_STRICT_OBJC_MSGSEND = YES;
				GCC_C_LANGUAGE_STANDARD = gnu11;
				GCC_NO_COMMON_BLOCKS = YES;
				GCC_WARN_64_TO_32_BIT_CONVERSION = YES;
				GCC_WARN_ABOUT_RETURN_TYPE = YES_ERROR;
				GCC_WARN_UNDECLARED_SELECTOR = YES;
				GCC_WARN_UNINITIALIZED_AUTOS = YES_AGGRESSIVE;
				GCC_WARN_UNUSED_FUNCTION = YES;
				GCC_WARN_UNUSED_VARIABLE = YES;
				IPHONEOS_DEPLOYMENT_TARGET = 16.2;
				MTL_ENABLE_DEBUG_INFO = NO;
				MTL_FAST_MATH = YES;
				SDKROOT = iphoneos;
				SWIFT_COMPILATION_MODE = wholemodule;
				SWIFT_OPTIMIZATION_LEVEL = "-O";
				VALIDATE_PRODUCT = YES;
			};
			name = Release;
		};
		650049B12A1B591100FD2C1B /* Debug */ = {
			isa = XCBuildConfiguration;
			buildSettings = {
				ASSETCATALOG_COMPILER_APPICON_NAME = AppIcon;
				ASSETCATALOG_COMPILER_GLOBAL_ACCENT_COLOR_NAME = AccentColor;
				CODE_SIGN_STYLE = Automatic;
				CURRENT_PROJECT_VERSION = 1;
				GENERATE_INFOPLIST_FILE = YES;
				INFOPLIST_FILE = Assignment3/Info.plist;
				INFOPLIST_KEY_UIApplicationSupportsIndirectInputEvents = YES;
				INFOPLIST_KEY_UILaunchStoryboardName = LaunchScreen;
				INFOPLIST_KEY_UIMainStoryboardFile = Main;
				INFOPLIST_KEY_UISupportedInterfaceOrientations_iPad = "UIInterfaceOrientationPortrait UIInterfaceOrientationPortraitUpsideDown UIInterfaceOrientationLandscapeLeft UIInterfaceOrientationLandscapeRight";
				INFOPLIST_KEY_UISupportedInterfaceOrientations_iPhone = "UIInterfaceOrientationPortrait UIInterfaceOrientationLandscapeLeft UIInterfaceOrientationLandscapeRight";
				LD_RUNPATH_SEARCH_PATHS = (
					"$(inherited)",
					"@executable_path/Frameworks",
				);
				MARKETING_VERSION = 1.0;
				PRODUCT_BUNDLE_IDENTIFIER = edu.au.uts.Assignment3;
				PRODUCT_NAME = "$(TARGET_NAME)";
				SWIFT_EMIT_LOC_STRINGS = YES;
				SWIFT_VERSION = 5.0;
				TARGETED_DEVICE_FAMILY = "1,2";
			};
			name = Debug;
		};
		650049B22A1B591100FD2C1B /* Release */ = {
			isa = XCBuildConfiguration;
			buildSettings = {
				ASSETCATALOG_COMPILER_APPICON_NAME = AppIcon;
				ASSETCATALOG_COMPILER_GLOBAL_ACCENT_COLOR_NAME = AccentColor;
				CODE_SIGN_STYLE = Automatic;
				CURRENT_PROJECT_VERSION = 1;
				GENERATE_INFOPLIST_FILE = YES;
				INFOPLIST_FILE = Assignment3/Info.plist;
				INFOPLIST_KEY_UIApplicationSupportsIndirectInputEvents = YES;
				INFOPLIST_KEY_UILaunchStoryboardName = LaunchScreen;
				INFOPLIST_KEY_UIMainStoryboardFile = Main;
				INFOPLIST_KEY_UISupportedInterfaceOrientations_iPad = "UIInterfaceOrientationPortrait UIInterfaceOrientationPortraitUpsideDown UIInterfaceOrientationLandscapeLeft UIInterfaceOrientationLandscapeRight";
				INFOPLIST_KEY_UISupportedInterfaceOrientations_iPhone = "UIInterfaceOrientationPortrait UIInterfaceOrientationLandscapeLeft UIInterfaceOrientationLandscapeRight";
				LD_RUNPATH_SEARCH_PATHS = (
					"$(inherited)",
					"@executable_path/Frameworks",
				);
				MARKETING_VERSION = 1.0;
				PRODUCT_BUNDLE_IDENTIFIER = edu.au.uts.Assignment3;
				PRODUCT_NAME = "$(TARGET_NAME)";
				SWIFT_EMIT_LOC_STRINGS = YES;
				SWIFT_VERSION = 5.0;
				TARGETED_DEVICE_FAMILY = "1,2";
			};
			name = Release;
		};
/* End XCBuildConfiguration section */

/* Begin XCConfigurationList section */
		650049972A1B590F00FD2C1B /* Build configuration list for PBXProject "Assignment3" */ = {
			isa = XCConfigurationList;
			buildConfigurations = (
				650049AE2A1B591100FD2C1B /* Debug */,
				650049AF2A1B591100FD2C1B /* Release */,
			);
			defaultConfigurationIsVisible = 0;
			defaultConfigurationName = Release;
		};
		650049B02A1B591100FD2C1B /* Build configuration list for PBXNativeTarget "Assignment3" */ = {
			isa = XCConfigurationList;
			buildConfigurations = (
				650049B12A1B591100FD2C1B /* Debug */,
				650049B22A1B591100FD2C1B /* Release */,
			);
			defaultConfigurationIsVisible = 0;
			defaultConfigurationName = Release;
		};
/* End XCConfigurationList section */
	};
	rootObject = 650049942A1B590F00FD2C1B /* Project object */;
}
